
Microsoft Visual Studio Solution File, Format Version 12.00
# Visual Studio Version 16
VisualStudioVersion = 16.0.31112.23
MinimumVisualStudioVersion = 10.0.40219.1
Project("{FAE04EC0-301F-11D3-BF4B-00C04F79EFBC}") = "FibonacciGRPC", "FibonacciGRPC\FibonacciGRPC.csproj", "{17265C9D-E2BC-4795-B775-152F612FB660}"
EndProject
Project("{FAE04EC0-301F-11D3-BF4B-00C04F79EFBC}") = "FibonacciClient", "FibonacciClient\FibonacciClient.csproj", "{A619CE99-1917-49D0-824B-F1B7C1AE6C32}"
EndProject
Global
	GlobalSection(SolutionConfigurationPlatforms) = preSolution
		Debug|Any CPU = Debug|Any CPU
		Release|Any CPU = Release|Any CPU
	EndGlobalSection
	GlobalSection(ProjectConfigurationPlatforms) = postSolution
		{17265C9D-E2BC-4795-B775-152F612FB660}.Debug|Any CPU.ActiveCfg = Debug|Any CPU
		{17265C9D-E2BC-4795-B775-152F612FB660}.Debug|Any CPU.Build.0 = Debug|Any CPU
		{17265C9D-E2BC-4795-B775-152F612FB660}.Release|Any CPU.ActiveCfg = Release|Any CPU
		{17265C9D-E2BC-4795-B775-152F612FB660}.Release|Any CPU.Build.0 = Release|Any CPU
		{A619CE99-1917-49D0-824B-F1B7C1AE6C32}.Debug|Any CPU.ActiveCfg = Debug|Any CPU
		{A619CE99-1917-49D0-824B-F1B7C1AE6C32}.Debug|Any CPU.Build.0 = Debug|Any CPU
		{A619CE99-1917-49D0-824B-F1B7C1AE6C32}.Release|Any CPU.ActiveCfg = Release|Any CPU
		{A619CE99-1917-49D0-824B-F1B7C1AE6C32}.Release|Any CPU.Build.0 = Release|Any CPU
	EndGlobalSection
	GlobalSection(SolutionProperties) = preSolution
		HideSolutionNode = FALSE
	EndGlobalSection
	GlobalSection(ExtensibilityGlobals) = postSolution
		SolutionGuid = {36B29405-A808-4072-A9C7-5922CA515C02}
	EndGlobalSection
EndGlobal
